
Microsoft Visual Studio Solution File, Format Version 12.00
# Visual Studio Version 16
VisualStudioVersion = 16.0.30517.126
MinimumVisualStudioVersion = 10.0.40219.1
Project("{FAE04EC0-301F-11D3-BF4B-00C04F79EFBC}") = "ConsoleApp1", "ConsoleApp1\ConsoleApp1.csproj", "{7A24198D-040D-45BE-A8DE-B46EB569C442}"
EndProject
Global
	GlobalSection(SolutionConfigurationPlatforms) = preSolution
		Debug|Any CPU = Debug|Any CPU
		Release|Any CPU = Release|Any CPU
	EndGlobalSection
	GlobalSection(ProjectConfigurationPlatforms) = postSolution
		{7A24198D-040D-45BE-A8DE-B46EB569C442}.Debug|Any CPU.ActiveCfg = Debug|Any CPU
		{7A24198D-040D-45BE-A8DE-B46EB569C442}.Debug|Any CPU.Build.0 = Debug|Any CPU
		{7A24198D-040D-45BE-A8DE-B46EB569C442}.Release|Any CPU.ActiveCfg = Release|Any CPU
		{7A24198D-040D-45BE-A8DE-B46EB569C442}.Release|Any CPU.Build.0 = Release|Any CPU
	EndGlobalSection
	GlobalSection(SolutionProperties) = preSolution
		HideSolutionNode = FALSE
	EndGlobalSection
	GlobalSection(ExtensibilityGlobals) = postSolution
		SolutionGuid = {3DE684A3-4766-48A4-81BA-BCCF07286DE3}
	EndGlobalSection
EndGlobal
using System;

namespace ConsoleApp1
{
    class Program
    {
        static void Main(string[] args)
        {
            string login = "admin";
            string password = "pass1234";
            string UserName, userpassword;
            int tries = 0;

            while(tries !=3)

            Console.WriteLine("enter your username: ");


            UserName = Console.ReadLine();
            Console.WriteLine("enter your password: ");
            userpassword = Console.ReadLine();

            if (login != UserName || password != userpassword)
            {
                Console.WriteLine("Oops something went wrong");
                tries++;
                Console.WriteLine($"{3 - tries} attempts left");
            }
            else
            {
                Console.WriteLine("Welcome");
                break;
            }
                

        }
    }
}


using System;

namespace ConsoleApp2
{
    class Program
    {
        static void Main(string[] args)
        {
            string name;
            string last;
            int yearofbirth, age;
            Console.WriteLine("enter your name: ");
            name = Console.ReadLine();
            Console.WriteLine("enter your last name: ");
            last = Console.ReadLine();
            Console.WriteLine($"Welcome, {name} {last}");
            Console.WriteLine("Enter yourbirthday");
            yearofbirth = Convert.ToInt32(Console.ReadLine());
            age = 2021 - yearofbirth;
            int currentDate = DateTime.Now.Year;

            age = currentDate = yearofbirth;

            if (age >= 13)
            {
                Console.WriteLine("Welcome to Instagram");
            }else
            {
                Console.WriteLine("Youre too young for instagram");
            }

        }
    }
}
